
Microsoft Visual Studio Solution File, Format Version 12.00
Project("{FAE04EC0-301F-11D3-BF4B-00C04F79EFBC}") = "UpdateM3u", "UpdateM3u\UpdateM3u.csproj", "{371EF6FE-8933-493D-832D-3EE8AB1FEBB4}"
EndProject
Global
	GlobalSection(SolutionConfigurationPlatforms) = preSolution
		Debug|Any CPU = Debug|Any CPU
		Release|Any CPU = Release|Any CPU
	EndGlobalSection
	GlobalSection(ProjectConfigurationPlatforms) = postSolution
		{371EF6FE-8933-493D-832D-3EE8AB1FEBB4}.Debug|Any CPU.ActiveCfg = Debug|Any CPU
		{371EF6FE-8933-493D-832D-3EE8AB1FEBB4}.Debug|Any CPU.Build.0 = Debug|Any CPU
		{371EF6FE-8933-493D-832D-3EE8AB1FEBB4}.Release|Any CPU.ActiveCfg = Release|Any CPU
		{371EF6FE-8933-493D-832D-3EE8AB1FEBB4}.Release|Any CPU.Build.0 = Release|Any CPU
	EndGlobalSection
EndGlobal
